
Microsoft Visual Studio Solution File, Format Version 12.00
# Visual Studio Version 16
VisualStudioVersion = 16.0.29009.5
MinimumVisualStudioVersion = 10.0.40219.1
Project("{FAE04EC0-301F-11D3-BF4B-00C04F79EFBC}") = "LibraryCard", "LibraryCard\LibraryCard.csproj", "{763A0115-0A17-421A-A398-309BB7BBEF73}"
EndProject
Global
	GlobalSection(SolutionConfigurationPlatforms) = preSolution
		Debug|Any CPU = Debug|Any CPU
		Release|Any CPU = Release|Any CPU
	EndGlobalSection
	GlobalSection(ProjectConfigurationPlatforms) = postSolution
		{763A0115-0A17-421A-A398-309BB7BBEF73}.Debug|Any CPU.ActiveCfg = Debug|Any CPU
		{763A0115-0A17-421A-A398-309BB7BBEF73}.Debug|Any CPU.Build.0 = Debug|Any CPU
		{763A0115-0A17-421A-A398-309BB7BBEF73}.Release|Any CPU.ActiveCfg = Release|Any CPU
		{763A0115-0A17-421A-A398-309BB7BBEF73}.Release|Any CPU.Build.0 = Release|Any CPU
	EndGlobalSection
	GlobalSection(SolutionProperties) = preSolution
		HideSolutionNode = FALSE
	EndGlobalSection
	GlobalSection(ExtensibilityGlobals) = postSolution
		SolutionGuid = {9832F132-AC93-4BA7-86BE-683FFD164B5C}
	EndGlobalSection
EndGlobal
